// !$*UTF8*$!
{
	archiveVersion = 1;
	classes = {
	};
	objectVersion = 50;
	objects = {

/* Begin PBXBuildFile section */
		B5E7296026CC1D5600A462CC /* AppDelegate.swift in Sources */ = {isa = PBXBuildFile; fileRef = B5E7295F26CC1D5600A462CC /* AppDelegate.swift */; };
		B5E7296226CC1D5600A462CC /* SceneDelegate.swift in Sources */ = {isa = PBXBuildFile; fileRef = B5E7296126CC1D5600A462CC /* SceneDelegate.swift */; };
		B5E7296426CC1D5600A462CC /* ViewController.swift in Sources */ = {isa = PBXBuildFile; fileRef = B5E7296326CC1D5600A462CC /* ViewController.swift */; };
		B5E7296726CC1D5600A462CC /* Main.storyboard in Resources */ = {isa = PBXBuildFile; fileRef = B5E7296526CC1D5600A462CC /* Main.storyboard */; };
		B5E7296926CC1D5900A462CC /* Assets.xcassets in Resources */ = {isa = PBXBuildFile; fileRef = B5E7296826CC1D5900A462CC /* Assets.xcassets */; };
		B5E7296C26CC1D5900A462CC /* LaunchScreen.storyboard in Resources */ = {isa = PBXBuildFile; fileRef = B5E7296A26CC1D5900A462CC /* LaunchScreen.storyboard */; };
		B5E7297826CC1E2400A462CC /* ParentTableViewController.swift in Sources */ = {isa = PBXBuildFile; fileRef = B5E7297426CC1E2400A462CC /* ParentTableViewController.swift */; };
		B5E7297926CC1E2400A462CC /* ParentNavigationController.swift in Sources */ = {isa = PBXBuildFile; fileRef = B5E7297526CC1E2400A462CC /* ParentNavigationController.swift */; };
		B5E7297A26CC1E2400A462CC /* ParentCollectionViewController.swift in Sources */ = {isa = PBXBuildFile; fileRef = B5E7297626CC1E2400A462CC /* ParentCollectionViewController.swift */; };
		B5E7297B26CC1E2400A462CC /* ParentViewController.swift in Sources */ = {isa = PBXBuildFile; fileRef = B5E7297726CC1E2400A462CC /* ParentViewController.swift */; };
		B5E7298026CC1F9700A462CC /* BadgeBarButtonItem.swift in Sources */ = {isa = PBXBuildFile; fileRef = B5E7297F26CC1F9700A462CC /* BadgeBarButtonItem.swift */; };
		B5E7298226CC207700A462CC /* UITableLoaderView.swift in Sources */ = {isa = PBXBuildFile; fileRef = B5E7298126CC207700A462CC /* UITableLoaderView.swift */; };
		B5E7298526CC216B00A462CC /* UICollectionLoaderView.swift in Sources */ = {isa = PBXBuildFile; fileRef = B5E7298426CC216B00A462CC /* UICollectionLoaderView.swift */; };
		B5E7298826CC21D100A462CC /* ImagePicker.swift in Sources */ = {isa = PBXBuildFile; fileRef = B5E7298726CC21D100A462CC /* ImagePicker.swift */; };
		B5E7298A26CCABEE00A462CC /* FilePicker.swift in Sources */ = {isa = PBXBuildFile; fileRef = B5E7298926CCABEE00A462CC /* FilePicker.swift */; };
		B5E7298E26CCAC6700A462CC /* Strings.swift in Sources */ = {isa = PBXBuildFile; fileRef = B5E7298D26CCAC6700A462CC /* Strings.swift */; };
		B5E7299026CCAE0400A462CC /* ActionLoadingController.swift in Sources */ = {isa = PBXBuildFile; fileRef = B5E7298F26CCAE0400A462CC /* ActionLoadingController.swift */; };
		B5E7299226CCAE3100A462CC /* ContentLoadingController.swift in Sources */ = {isa = PBXBuildFile; fileRef = B5E7299126CCAE3100A462CC /* ContentLoadingController.swift */; };
		B5E7299426CCAE7F00A462CC /* InstanceHolder.swift in Sources */ = {isa = PBXBuildFile; fileRef = B5E7299326CCAE7F00A462CC /* InstanceHolder.swift */; };
		B5E7299626CCBC0700A462CC /* UIFont+Extension.swift in Sources */ = {isa = PBXBuildFile; fileRef = B5E7299526CCBC0700A462CC /* UIFont+Extension.swift */; };
		B5E7299826CCBCC100A462CC /* ThemeHandler.swift in Sources */ = {isa = PBXBuildFile; fileRef = B5E7299726CCBCC100A462CC /* ThemeHandler.swift */; };
		B5E7299A26CCBDB800A462CC /* RTLExtension.swift in Sources */ = {isa = PBXBuildFile; fileRef = B5E7299926CCBDB800A462CC /* RTLExtension.swift */; };
		B5E7299C26CCBDEF00A462CC /* UIColor+Extension.swift in Sources */ = {isa = PBXBuildFile; fileRef = B5E7299B26CCBDEF00A462CC /* UIColor+Extension.swift */; };
		B5E7299E26CCBE3300A462CC /* UIViewController+Extension.swift in Sources */ = {isa = PBXBuildFile; fileRef = B5E7299D26CCBE3300A462CC /* UIViewController+Extension.swift */; };
		B5E729A026CCBE4200A462CC /* UIView+Extension.swift in Sources */ = {isa = PBXBuildFile; fileRef = B5E7299F26CCBE4200A462CC /* UIView+Extension.swift */; };
		B5E729A226CCBF6000A462CC /* UIAlertController+Extension.swift in Sources */ = {isa = PBXBuildFile; fileRef = B5E729A126CCBF6000A462CC /* UIAlertController+Extension.swift */; };
		B5E729A526CCBFF600A462CC /* RoundedButton.swift in Sources */ = {isa = PBXBuildFile; fileRef = B5E729A426CCBFF600A462CC /* RoundedButton.swift */; };
		B5E729A826CCC16E00A462CC /* Asset.swift in Sources */ = {isa = PBXBuildFile; fileRef = B5E729A726CCC16E00A462CC /* Asset.swift */; };
		B5E729AA26CCC23400A462CC /* KeyboardToggleProtocol.swift in Sources */ = {isa = PBXBuildFile; fileRef = B5E729A926CCC23400A462CC /* KeyboardToggleProtocol.swift */; };
		B5E729AC26CCC64800A462CC /* Log.swift in Sources */ = {isa = PBXBuildFile; fileRef = B5E729AB26CCC64800A462CC /* Log.swift */; };
/* End PBXBuildFile section */

/* Begin PBXFileReference section */
		B5E7295C26CC1D5600A462CC /* BoilerPlate.app */ = {isa = PBXFileReference; explicitFileType = wrapper.application; includeInIndex = 0; path = BoilerPlate.app; sourceTree = BUILT_PRODUCTS_DIR; };
		B5E7295F26CC1D5600A462CC /* AppDelegate.swift */ = {isa = PBXFileReference; lastKnownFileType = sourcecode.swift; path = AppDelegate.swift; sourceTree = "<group>"; };
		B5E7296126CC1D5600A462CC /* SceneDelegate.swift */ = {isa = PBXFileReference; lastKnownFileType = sourcecode.swift; path = SceneDelegate.swift; sourceTree = "<group>"; };
		B5E7296326CC1D5600A462CC /* ViewController.swift */ = {isa = PBXFileReference; lastKnownFileType = sourcecode.swift; path = ViewController.swift; sourceTree = "<group>"; };
		B5E7296626CC1D5600A462CC /* Base */ = {isa = PBXFileReference; lastKnownFileType = file.storyboard; name = Base; path = Base.lproj/Main.storyboard; sourceTree = "<group>"; };
		B5E7296826CC1D5900A462CC /* Assets.xcassets */ = {isa = PBXFileReference; lastKnownFileType = folder.assetcatalog; path = Assets.xcassets; sourceTree = "<group>"; };
		B5E7296B26CC1D5900A462CC /* Base */ = {isa = PBXFileReference; lastKnownFileType = file.storyboard; name = Base; path = Base.lproj/LaunchScreen.storyboard; sourceTree = "<group>"; };
		B5E7296D26CC1D5900A462CC /* Info.plist */ = {isa = PBXFileReference; lastKnownFileType = text.plist.xml; path = Info.plist; sourceTree = "<group>"; };
		B5E7297426CC1E2400A462CC /* ParentTableViewController.swift */ = {isa = PBXFileReference; fileEncoding = 4; lastKnownFileType = sourcecode.swift; path = ParentTableViewController.swift; sourceTree = "<group>"; };
		B5E7297526CC1E2400A462CC /* ParentNavigationController.swift */ = {isa = PBXFileReference; fileEncoding = 4; lastKnownFileType = sourcecode.swift; path = ParentNavigationController.swift; sourceTree = "<group>"; };
		B5E7297626CC1E2400A462CC /* ParentCollectionViewController.swift */ = {isa = PBXFileReference; fileEncoding = 4; lastKnownFileType = sourcecode.swift; path = ParentCollectionViewController.swift; sourceTree = "<group>"; };
		B5E7297726CC1E2400A462CC /* ParentViewController.swift */ = {isa = PBXFileReference; fileEncoding = 4; lastKnownFileType = sourcecode.swift; path = ParentViewController.swift; sourceTree = "<group>"; };
		B5E7297F26CC1F9700A462CC /* BadgeBarButtonItem.swift */ = {isa = PBXFileReference; lastKnownFileType = sourcecode.swift; path = BadgeBarButtonItem.swift; sourceTree = "<group>"; };
		B5E7298126CC207700A462CC /* UITableLoaderView.swift */ = {isa = PBXFileReference; lastKnownFileType = sourcecode.swift; path = UITableLoaderView.swift; sourceTree = "<group>"; };
		B5E7298426CC216B00A462CC /* UICollectionLoaderView.swift */ = {isa = PBXFileReference; lastKnownFileType = sourcecode.swift; path = UICollectionLoaderView.swift; sourceTree = "<group>"; };
		B5E7298726CC21D100A462CC /* ImagePicker.swift */ = {isa = PBXFileReference; lastKnownFileType = sourcecode.swift; path = ImagePicker.swift; sourceTree = "<group>"; };
		B5E7298926CCABEE00A462CC /* FilePicker.swift */ = {isa = PBXFileReference; lastKnownFileType = sourcecode.swift; path = FilePicker.swift; sourceTree = "<group>"; };
		B5E7298D26CCAC6700A462CC /* Strings.swift */ = {isa = PBXFileReference; lastKnownFileType = sourcecode.swift; path = Strings.swift; sourceTree = "<group>"; };
		B5E7298F26CCAE0400A462CC /* ActionLoadingController.swift */ = {isa = PBXFileReference; lastKnownFileType = sourcecode.swift; path = ActionLoadingController.swift; sourceTree = "<group>"; };
		B5E7299126CCAE3100A462CC /* ContentLoadingController.swift */ = {isa = PBXFileReference; lastKnownFileType = sourcecode.swift; path = ContentLoadingController.swift; sourceTree = "<group>"; };
		B5E7299326CCAE7F00A462CC /* InstanceHolder.swift */ = {isa = PBXFileReference; lastKnownFileType = sourcecode.swift; path = InstanceHolder.swift; sourceTree = "<group>"; };
		B5E7299526CCBC0700A462CC /* UIFont+Extension.swift */ = {isa = PBXFileReference; lastKnownFileType = sourcecode.swift; path = "UIFont+Extension.swift"; sourceTree = "<group>"; };
		B5E7299726CCBCC100A462CC /* ThemeHandler.swift */ = {isa = PBXFileReference; lastKnownFileType = sourcecode.swift; path = ThemeHandler.swift; sourceTree = "<group>"; };
		B5E7299926CCBDB800A462CC /* RTLExtension.swift */ = {isa = PBXFileReference; lastKnownFileType = sourcecode.swift; path = RTLExtension.swift; sourceTree = "<group>"; };
		B5E7299B26CCBDEF00A462CC /* UIColor+Extension.swift */ = {isa = PBXFileReference; lastKnownFileType = sourcecode.swift; path = "UIColor+Extension.swift"; sourceTree = "<group>"; };
		B5E7299D26CCBE3300A462CC /* UIViewController+Extension.swift */ = {isa = PBXFileReference; lastKnownFileType = sourcecode.swift; path = "UIViewController+Extension.swift"; sourceTree = "<group>"; };
		B5E7299F26CCBE4200A462CC /* UIView+Extension.swift */ = {isa = PBXFileReference; lastKnownFileType = sourcecode.swift; path = "UIView+Extension.swift"; sourceTree = "<group>"; };
		B5E729A126CCBF6000A462CC /* UIAlertController+Extension.swift */ = {isa = PBXFileReference; lastKnownFileType = sourcecode.swift; path = "UIAlertController+Extension.swift"; sourceTree = "<group>"; };
		B5E729A426CCBFF600A462CC /* RoundedButton.swift */ = {isa = PBXFileReference; lastKnownFileType = sourcecode.swift; path = RoundedButton.swift; sourceTree = "<group>"; };
		B5E729A726CCC16E00A462CC /* Asset.swift */ = {isa = PBXFileReference; lastKnownFileType = sourcecode.swift; path = Asset.swift; sourceTree = "<group>"; };
		B5E729A926CCC23400A462CC /* KeyboardToggleProtocol.swift */ = {isa = PBXFileReference; lastKnownFileType = sourcecode.swift; path = KeyboardToggleProtocol.swift; sourceTree = "<group>"; };
		B5E729AB26CCC64800A462CC /* Log.swift */ = {isa = PBXFileReference; lastKnownFileType = sourcecode.swift; path = Log.swift; sourceTree = "<group>"; };
/* End PBXFileReference section */

/* Begin PBXFrameworksBuildPhase section */
		B5E7295926CC1D5600A462CC /* Frameworks */ = {
			isa = PBXFrameworksBuildPhase;
			buildActionMask = 2147483647;
			files = (
			);
			runOnlyForDeploymentPostprocessing = 0;
		};
/* End PBXFrameworksBuildPhase section */

/* Begin PBXGroup section */
		B5E7295326CC1D5600A462CC = {
			isa = PBXGroup;
			children = (
				B5E7295E26CC1D5600A462CC /* BoilerPlate */,
				B5E7295D26CC1D5600A462CC /* Products */,
			);
			sourceTree = "<group>";
		};
		B5E7295D26CC1D5600A462CC /* Products */ = {
			isa = PBXGroup;
			children = (
				B5E7295C26CC1D5600A462CC /* BoilerPlate.app */,
			);
			name = Products;
			sourceTree = "<group>";
		};
		B5E7295E26CC1D5600A462CC /* BoilerPlate */ = {
			isa = PBXGroup;
			children = (
				B5E7298B26CCAC2F00A462CC /* Resources */,
				B5E7297326CC1DED00A462CC /* Classes */,
				B5E7295F26CC1D5600A462CC /* AppDelegate.swift */,
				B5E7296126CC1D5600A462CC /* SceneDelegate.swift */,
				B5E7296326CC1D5600A462CC /* ViewController.swift */,
				B5E7296526CC1D5600A462CC /* Main.storyboard */,
				B5E7296A26CC1D5900A462CC /* LaunchScreen.storyboard */,
				B5E7296D26CC1D5900A462CC /* Info.plist */,
			);
			path = BoilerPlate;
			sourceTree = "<group>";
		};
		B5E7297326CC1DED00A462CC /* Classes */ = {
			isa = PBXGroup;
			children = (
				B5E7297C26CC1F5000A462CC /* Boilerplates */,
			);
			path = Classes;
			sourceTree = "<group>";
		};
		B5E7297C26CC1F5000A462CC /* Boilerplates */ = {
			isa = PBXGroup;
			children = (
				B5E7298626CC21C300A462CC /* Entity */,
				B5E7297E26CC1F6800A462CC /* UI */,
				B5E7297D26CC1F5B00A462CC /* Parent */,
			);
			path = Boilerplates;
			sourceTree = "<group>";
		};
		B5E7297D26CC1F5B00A462CC /* Parent */ = {
			isa = PBXGroup;
			children = (
				B5E7297526CC1E2400A462CC /* ParentNavigationController.swift */,
				B5E7297626CC1E2400A462CC /* ParentCollectionViewController.swift */,
				B5E7297426CC1E2400A462CC /* ParentTableViewController.swift */,
				B5E7297726CC1E2400A462CC /* ParentViewController.swift */,
			);
			path = Parent;
			sourceTree = "<group>";
		};
		B5E7297E26CC1F6800A462CC /* UI */ = {
			isa = PBXGroup;
			children = (
				B5E729A326CCBF6700A462CC /* Extension */,
				B5E7297F26CC1F9700A462CC /* BadgeBarButtonItem.swift */,
				B5E7298126CC207700A462CC /* UITableLoaderView.swift */,
				B5E7298426CC216B00A462CC /* UICollectionLoaderView.swift */,
				B5E7298F26CCAE0400A462CC /* ActionLoadingController.swift */,
				B5E7299126CCAE3100A462CC /* ContentLoadingController.swift */,
				B5E7299326CCAE7F00A462CC /* InstanceHolder.swift */,
				B5E7299726CCBCC100A462CC /* ThemeHandler.swift */,
				B5E729A426CCBFF600A462CC /* RoundedButton.swift */,
				B5E729A926CCC23400A462CC /* KeyboardToggleProtocol.swift */,
			);
			path = UI;
			sourceTree = "<group>";
		};
		B5E7298626CC21C300A462CC /* Entity */ = {
			isa = PBXGroup;
			children = (
				B5E7298726CC21D100A462CC /* ImagePicker.swift */,
				B5E7298926CCABEE00A462CC /* FilePicker.swift */,
				B5E729AB26CCC64800A462CC /* Log.swift */,
			);
			path = Entity;
			sourceTree = "<group>";
		};
		B5E7298B26CCAC2F00A462CC /* Resources */ = {
			isa = PBXGroup;
			children = (
				B5E729A626CCC15C00A462CC /* Asset */,
				B5E7298C26CCAC4200A462CC /* LocalizedStrings */,
			);
			path = Resources;
			sourceTree = "<group>";
		};
		B5E7298C26CCAC4200A462CC /* LocalizedStrings */ = {
			isa = PBXGroup;
			children = (
				B5E7298D26CCAC6700A462CC /* Strings.swift */,
			);
			path = LocalizedStrings;
			sourceTree = "<group>";
		};
		B5E729A326CCBF6700A462CC /* Extension */ = {
			isa = PBXGroup;
			children = (
				B5E7299526CCBC0700A462CC /* UIFont+Extension.swift */,
				B5E7299926CCBDB800A462CC /* RTLExtension.swift */,
				B5E7299B26CCBDEF00A462CC /* UIColor+Extension.swift */,
				B5E7299D26CCBE3300A462CC /* UIViewController+Extension.swift */,
				B5E7299F26CCBE4200A462CC /* UIView+Extension.swift */,
				B5E729A126CCBF6000A462CC /* UIAlertController+Extension.swift */,
			);
			path = Extension;
			sourceTree = "<group>";
		};
		B5E729A626CCC15C00A462CC /* Asset */ = {
			isa = PBXGroup;
			children = (
				B5E7296826CC1D5900A462CC /* Assets.xcassets */,
				B5E729A726CCC16E00A462CC /* Asset.swift */,
			);
			path = Asset;
			sourceTree = "<group>";
		};
/* End PBXGroup section */

/* Begin PBXNativeTarget section */
		B5E7295B26CC1D5600A462CC /* BoilerPlate */ = {
			isa = PBXNativeTarget;
			buildConfigurationList = B5E7297026CC1D5900A462CC /* Build configuration list for PBXNativeTarget "BoilerPlate" */;
			buildPhases = (
				B5E7295826CC1D5600A462CC /* Sources */,
				B5E7295926CC1D5600A462CC /* Frameworks */,
				B5E7295A26CC1D5600A462CC /* Resources */,
			);
			buildRules = (
			);
			dependencies = (
			);
			name = BoilerPlate;
			productName = BoilerPlate;
			productReference = B5E7295C26CC1D5600A462CC /* BoilerPlate.app */;
			productType = "com.apple.product-type.application";
		};
/* End PBXNativeTarget section */

/* Begin PBXProject section */
		B5E7295426CC1D5600A462CC /* Project object */ = {
			isa = PBXProject;
			attributes = {
				LastSwiftUpdateCheck = 1250;
				LastUpgradeCheck = 1250;
				TargetAttributes = {
					B5E7295B26CC1D5600A462CC = {
						CreatedOnToolsVersion = 12.5;
					};
				};
			};
			buildConfigurationList = B5E7295726CC1D5600A462CC /* Build configuration list for PBXProject "BoilerPlate" */;
			compatibilityVersion = "Xcode 9.3";
			developmentRegion = en;
			hasScannedForEncodings = 0;
			knownRegions = (
				en,
				Base,
			);
			mainGroup = B5E7295326CC1D5600A462CC;
			productRefGroup = B5E7295D26CC1D5600A462CC /* Products */;
			projectDirPath = "";
			projectRoot = "";
			targets = (
				B5E7295B26CC1D5600A462CC /* BoilerPlate */,
			);
		};
/* End PBXProject section */

/* Begin PBXResourcesBuildPhase section */
		B5E7295A26CC1D5600A462CC /* Resources */ = {
			isa = PBXResourcesBuildPhase;
			buildActionMask = 2147483647;
			files = (
				B5E7296C26CC1D5900A462CC /* LaunchScreen.storyboard in Resources */,
				B5E7296926CC1D5900A462CC /* Assets.xcassets in Resources */,
				B5E7296726CC1D5600A462CC /* Main.storyboard in Resources */,
			);
			runOnlyForDeploymentPostprocessing = 0;
		};
/* End PBXResourcesBuildPhase section */

/* Begin PBXSourcesBuildPhase section */
		B5E7295826CC1D5600A462CC /* Sources */ = {
			isa = PBXSourcesBuildPhase;
			buildActionMask = 2147483647;
			files = (
				B5E729A026CCBE4200A462CC /* UIView+Extension.swift in Sources */,
				B5E7299826CCBCC100A462CC /* ThemeHandler.swift in Sources */,
				B5E729AC26CCC64800A462CC /* Log.swift in Sources */,
				B5E7299226CCAE3100A462CC /* ContentLoadingController.swift in Sources */,
				B5E7299026CCAE0400A462CC /* ActionLoadingController.swift in Sources */,
				B5E7299426CCAE7F00A462CC /* InstanceHolder.swift in Sources */,
				B5E7297926CC1E2400A462CC /* ParentNavigationController.swift in Sources */,
				B5E7298226CC207700A462CC /* UITableLoaderView.swift in Sources */,
				B5E7296426CC1D5600A462CC /* ViewController.swift in Sources */,
				B5E7297A26CC1E2400A462CC /* ParentCollectionViewController.swift in Sources */,
				B5E7297B26CC1E2400A462CC /* ParentViewController.swift in Sources */,
				B5E7297826CC1E2400A462CC /* ParentTableViewController.swift in Sources */,
				B5E7296026CC1D5600A462CC /* AppDelegate.swift in Sources */,
				B5E7299626CCBC0700A462CC /* UIFont+Extension.swift in Sources */,
				B5E7299A26CCBDB800A462CC /* RTLExtension.swift in Sources */,
				B5E7298E26CCAC6700A462CC /* Strings.swift in Sources */,
				B5E7298826CC21D100A462CC /* ImagePicker.swift in Sources */,
				B5E729A226CCBF6000A462CC /* UIAlertController+Extension.swift in Sources */,
				B5E729A826CCC16E00A462CC /* Asset.swift in Sources */,
				B5E729AA26CCC23400A462CC /* KeyboardToggleProtocol.swift in Sources */,
				B5E7298026CC1F9700A462CC /* BadgeBarButtonItem.swift in Sources */,
				B5E7298A26CCABEE00A462CC /* FilePicker.swift in Sources */,
				B5E729A526CCBFF600A462CC /* RoundedButton.swift in Sources */,
				B5E7296226CC1D5600A462CC /* SceneDelegate.swift in Sources */,
				B5E7299E26CCBE3300A462CC /* UIViewController+Extension.swift in Sources */,
				B5E7298526CC216B00A462CC /* UICollectionLoaderView.swift in Sources */,
				B5E7299C26CCBDEF00A462CC /* UIColor+Extension.swift in Sources */,
			);
			runOnlyForDeploymentPostprocessing = 0;
		};
/* End PBXSourcesBuildPhase section */

/* Begin PBXVariantGroup section */
		B5E7296526CC1D5600A462CC /* Main.storyboard */ = {
			isa = PBXVariantGroup;
			children = (
				B5E7296626CC1D5600A462CC /* Base */,
			);
			name = Main.storyboard;
			sourceTree = "<group>";
		};
		B5E7296A26CC1D5900A462CC /* LaunchScreen.storyboard */ = {
			isa = PBXVariantGroup;
			children = (
				B5E7296B26CC1D5900A462CC /* Base */,
			);
			name = LaunchScreen.storyboard;
			sourceTree = "<group>";
		};
/* End PBXVariantGroup section */

/* Begin XCBuildConfiguration section */
		B5E7296E26CC1D5900A462CC /* Debug */ = {
			isa = XCBuildConfiguration;
			buildSettings = {
				ALWAYS_SEARCH_USER_PATHS = NO;
				CLANG_ANALYZER_NONNULL = YES;
				CLANG_ANALYZER_NUMBER_OBJECT_CONVERSION = YES_AGGRESSIVE;
				CLANG_CXX_LANGUAGE_STANDARD = "gnu++14";
				CLANG_CXX_LIBRARY = "libc++";
				CLANG_ENABLE_MODULES = YES;
				CLANG_ENABLE_OBJC_ARC = YES;
				CLANG_ENABLE_OBJC_WEAK = YES;
				CLANG_WARN_BLOCK_CAPTURE_AUTORELEASING = YES;
				CLANG_WARN_BOOL_CONVERSION = YES;
				CLANG_WARN_COMMA = YES;
				CLANG_WARN_CONSTANT_CONVERSION = YES;
				CLANG_WARN_DEPRECATED_OBJC_IMPLEMENTATIONS = YES;
				CLANG_WARN_DIRECT_OBJC_ISA_USAGE = YES_ERROR;
				CLANG_WARN_DOCUMENTATION_COMMENTS = YES;
				CLANG_WARN_EMPTY_BODY = YES;
				CLANG_WARN_ENUM_CONVERSION = YES;
				CLANG_WARN_INFINITE_RECURSION = YES;
				CLANG_WARN_INT_CONVERSION = YES;
				CLANG_WARN_NON_LITERAL_NULL_CONVERSION = YES;
				CLANG_WARN_OBJC_IMPLICIT_RETAIN_SELF = YES;
				CLANG_WARN_OBJC_LITERAL_CONVERSION = YES;
				CLANG_WARN_OBJC_ROOT_CLASS = YES_ERROR;
				CLANG_WARN_QUOTED_INCLUDE_IN_FRAMEWORK_HEADER = YES;
				CLANG_WARN_RANGE_LOOP_ANALYSIS = YES;
				CLANG_WARN_STRICT_PROTOTYPES = YES;
				CLANG_WARN_SUSPICIOUS_MOVE = YES;
				CLANG_WARN_UNGUARDED_AVAILABILITY = YES_AGGRESSIVE;
				CLANG_WARN_UNREACHABLE_CODE = YES;
				CLANG_WARN__DUPLICATE_METHOD_MATCH = YES;
				COPY_PHASE_STRIP = NO;
				DEBUG_INFORMATION_FORMAT = dwarf;
				ENABLE_STRICT_OBJC_MSGSEND = YES;
				ENABLE_TESTABILITY = YES;
				GCC_C_LANGUAGE_STANDARD = gnu11;
				GCC_DYNAMIC_NO_PIC = NO;
				GCC_NO_COMMON_BLOCKS = YES;
				GCC_OPTIMIZATION_LEVEL = 0;
				GCC_PREPROCESSOR_DEFINITIONS = (
					"DEBUG=1",
					"$(inherited)",
				);
				GCC_WARN_64_TO_32_BIT_CONVERSION = YES;
				GCC_WARN_ABOUT_RETURN_TYPE = YES_ERROR;
				GCC_WARN_UNDECLARED_SELECTOR = YES;
				GCC_WARN_UNINITIALIZED_AUTOS = YES_AGGRESSIVE;
				GCC_WARN_UNUSED_FUNCTION = YES;
				GCC_WARN_UNUSED_VARIABLE = YES;
				IPHONEOS_DEPLOYMENT_TARGET = 14.5;
				MTL_ENABLE_DEBUG_INFO = INCLUDE_SOURCE;
				MTL_FAST_MATH = YES;
				ONLY_ACTIVE_ARCH = YES;
				SDKROOT = iphoneos;
				SWIFT_ACTIVE_COMPILATION_CONDITIONS = DEBUG;
				SWIFT_OPTIMIZATION_LEVEL = "-Onone";
			};
			name = Debug;
		};
		B5E7296F26CC1D5900A462CC /* Release */ = {
			isa = XCBuildConfiguration;
			buildSettings = {
				ALWAYS_SEARCH_USER_PATHS = NO;
				CLANG_ANALYZER_NONNULL = YES;
				CLANG_ANALYZER_NUMBER_OBJECT_CONVERSION = YES_AGGRESSIVE;
				CLANG_CXX_LANGUAGE_STANDARD = "gnu++14";
				CLANG_CXX_LIBRARY = "libc++";
				CLANG_ENABLE_MODULES = YES;
				CLANG_ENABLE_OBJC_ARC = YES;
				CLANG_ENABLE_OBJC_WEAK = YES;
				CLANG_WARN_BLOCK_CAPTURE_AUTORELEASING = YES;
				CLANG_WARN_BOOL_CONVERSION = YES;
				CLANG_WARN_COMMA = YES;
				CLANG_WARN_CONSTANT_CONVERSION = YES;
				CLANG_WARN_DEPRECATED_OBJC_IMPLEMENTATIONS = YES;
				CLANG_WARN_DIRECT_OBJC_ISA_USAGE = YES_ERROR;
				CLANG_WARN_DOCUMENTATION_COMMENTS = YES;
				CLANG_WARN_EMPTY_BODY = YES;
				CLANG_WARN_ENUM_CONVERSION = YES;
				CLANG_WARN_INFINITE_RECURSION = YES;
				CLANG_WARN_INT_CONVERSION = YES;
				CLANG_WARN_NON_LITERAL_NULL_CONVERSION = YES;
				CLANG_WARN_OBJC_IMPLICIT_RETAIN_SELF = YES;
				CLANG_WARN_OBJC_LITERAL_CONVERSION = YES;
				CLANG_WARN_OBJC_ROOT_CLASS = YES_ERROR;
				CLANG_WARN_QUOTED_INCLUDE_IN_FRAMEWORK_HEADER = YES;
				CLANG_WARN_RANGE_LOOP_ANALYSIS = YES;
				CLANG_WARN_STRICT_PROTOTYPES = YES;
				CLANG_WARN_SUSPICIOUS_MOVE = YES;
				CLANG_WARN_UNGUARDED_AVAILABILITY = YES_AGGRESSIVE;
				CLANG_WARN_UNREACHABLE_CODE = YES;
				CLANG_WARN__DUPLICATE_METHOD_MATCH = YES;
				COPY_PHASE_STRIP = NO;
				DEBUG_INFORMATION_FORMAT = "dwarf-with-dsym";
				ENABLE_NS_ASSERTIONS = NO;
				ENABLE_STRICT_OBJC_MSGSEND = YES;
				GCC_C_LANGUAGE_STANDARD = gnu11;
				GCC_NO_COMMON_BLOCKS = YES;
				GCC_WARN_64_TO_32_BIT_CONVERSION = YES;
				GCC_WARN_ABOUT_RETURN_TYPE = YES_ERROR;
				GCC_WARN_UNDECLARED_SELECTOR = YES;
				GCC_WARN_UNINITIALIZED_AUTOS = YES_AGGRESSIVE;
				GCC_WARN_UNUSED_FUNCTION = YES;
				GCC_WARN_UNUSED_VARIABLE = YES;
				IPHONEOS_DEPLOYMENT_TARGET = 14.5;
				MTL_ENABLE_DEBUG_INFO = NO;
				MTL_FAST_MATH = YES;
				SDKROOT = iphoneos;
				SWIFT_COMPILATION_MODE = wholemodule;
				SWIFT_OPTIMIZATION_LEVEL = "-O";
				VALIDATE_PRODUCT = YES;
			};
			name = Release;
		};
		B5E7297126CC1D5900A462CC /* Debug */ = {
			isa = XCBuildConfiguration;
			buildSettings = {
				ASSETCATALOG_COMPILER_APPICON_NAME = AppIcon;
				ASSETCATALOG_COMPILER_GLOBAL_ACCENT_COLOR_NAME = AccentColor;
				CODE_SIGN_STYLE = Automatic;
				DEVELOPMENT_TEAM = CT2T2S8RGW;
				INFOPLIST_FILE = BoilerPlate/Info.plist;
				IPHONEOS_DEPLOYMENT_TARGET = 11.0;
				LD_RUNPATH_SEARCH_PATHS = (
					"$(inherited)",
					"@executable_path/Frameworks",
				);
				PRODUCT_BUNDLE_IDENTIFIER = com.dhana.BoilerPlate;
				PRODUCT_NAME = "$(TARGET_NAME)";
				SWIFT_VERSION = 5.0;
				TARGETED_DEVICE_FAMILY = "1,2";
			};
			name = Debug;
		};
		B5E7297226CC1D5900A462CC /* Release */ = {
			isa = XCBuildConfiguration;
			buildSettings = {
				ASSETCATALOG_COMPILER_APPICON_NAME = AppIcon;
				ASSETCATALOG_COMPILER_GLOBAL_ACCENT_COLOR_NAME = AccentColor;
				CODE_SIGN_STYLE = Automatic;
				DEVELOPMENT_TEAM = CT2T2S8RGW;
				INFOPLIST_FILE = BoilerPlate/Info.plist;
				IPHONEOS_DEPLOYMENT_TARGET = 11.0;
				LD_RUNPATH_SEARCH_PATHS = (
					"$(inherited)",
					"@executable_path/Frameworks",
				);
				PRODUCT_BUNDLE_IDENTIFIER = com.dhana.BoilerPlate;
				PRODUCT_NAME = "$(TARGET_NAME)";
				SWIFT_VERSION = 5.0;
				TARGETED_DEVICE_FAMILY = "1,2";
			};
			name = Release;
		};
/* End XCBuildConfiguration section */

/* Begin XCConfigurationList section */
		B5E7295726CC1D5600A462CC /* Build configuration list for PBXProject "BoilerPlate" */ = {
			isa = XCConfigurationList;
			buildConfigurations = (
				B5E7296E26CC1D5900A462CC /* Debug */,
				B5E7296F26CC1D5900A462CC /* Release */,
			);
			defaultConfigurationIsVisible = 0;
			defaultConfigurationName = Release;
		};
		B5E7297026CC1D5900A462CC /* Build configuration list for PBXNativeTarget "BoilerPlate" */ = {
			isa = XCConfigurationList;
			buildConfigurations = (
				B5E7297126CC1D5900A462CC /* Debug */,
				B5E7297226CC1D5900A462CC /* Release */,
			);
			defaultConfigurationIsVisible = 0;
			defaultConfigurationName = Release;
		};
/* End XCConfigurationList section */
	};
	rootObject = B5E7295426CC1D5600A462CC /* Project object */;
}
